{
  "requires": true,
  "lockfileVersion": 1,
  "dependencies": {
    "ag-charts-community": {
      "version": "4.1.0",
      "resolved": "https://registry.npmjs.org/ag-charts-community/-/ag-charts-community-4.1.0.tgz",
      "integrity": "sha512-XTQbDQN+C67Cfa4rH8l/fPAE3/WOSQDkExi/qdov5bI2XbGQCj+ad6ztVpVfpd81CtrzWZE75FBHJWm603t6xw=="
    }
  }
}
